// !$*UTF8*$!
{
	archiveVersion = 1;
	classes = {
	};
	objectVersion = 56;
	objects = {

/* Begin PBXBuildFile section */
		D319528F2A778C60002E55CB /* Todo_CRUDApp.swift in Sources */ = {isa = PBXBuildFile; fileRef = D319528E2A778C60002E55CB /* Todo_CRUDApp.swift */; };
		D31952912A778C60002E55CB /* ContentView.swift in Sources */ = {isa = PBXBuildFile; fileRef = D31952902A778C60002E55CB /* ContentView.swift */; };
		D31952932A778C61002E55CB /* Assets.xcassets in Resources */ = {isa = PBXBuildFile; fileRef = D31952922A778C61002E55CB /* Assets.xcassets */; };
		D31952962A778C61002E55CB /* Preview Assets.xcassets in Resources */ = {isa = PBXBuildFile; fileRef = D31952952A778C61002E55CB /* Preview Assets.xcassets */; };
		D395217E2A821852003D0C1F /* Todo.swift in Sources */ = {isa = PBXBuildFile; fileRef = D395217D2A821852003D0C1F /* Todo.swift */; };
		D39521822A821A5D003D0C1F /* TodoRowView.swift in Sources */ = {isa = PBXBuildFile; fileRef = D39521812A821A5D003D0C1F /* TodoRowView.swift */; };
		D3EAEAB22A7CD12E00BC200B /* TodoDetailView.swift in Sources */ = {isa = PBXBuildFile; fileRef = D3EAEAB12A7CD12E00BC200B /* TodoDetailView.swift */; };
		D3EAEAB42A7CE4E800BC200B /* NewTodoView.swift in Sources */ = {isa = PBXBuildFile; fileRef = D3EAEAB32A7CE4E800BC200B /* NewTodoView.swift */; };
/* End PBXBuildFile section */

/* Begin PBXFileReference section */
		D319528B2A778C60002E55CB /* Todo CRUD.app */ = {isa = PBXFileReference; explicitFileType = wrapper.application; includeInIndex = 0; path = "Todo CRUD.app"; sourceTree = BUILT_PRODUCTS_DIR; };
		D319528E2A778C60002E55CB /* Todo_CRUDApp.swift */ = {isa = PBXFileReference; lastKnownFileType = sourcecode.swift; path = Todo_CRUDApp.swift; sourceTree = "<group>"; };
		D31952902A778C60002E55CB /* ContentView.swift */ = {isa = PBXFileReference; lastKnownFileType = sourcecode.swift; path = ContentView.swift; sourceTree = "<group>"; };
		D31952922A778C61002E55CB /* Assets.xcassets */ = {isa = PBXFileReference; lastKnownFileType = folder.assetcatalog; path = Assets.xcassets; sourceTree = "<group>"; };
		D31952952A778C61002E55CB /* Preview Assets.xcassets */ = {isa = PBXFileReference; lastKnownFileType = folder.assetcatalog; path = "Preview Assets.xcassets"; sourceTree = "<group>"; };
		D395217D2A821852003D0C1F /* Todo.swift */ = {isa = PBXFileReference; lastKnownFileType = sourcecode.swift; path = Todo.swift; sourceTree = "<group>"; };
		D39521812A821A5D003D0C1F /* TodoRowView.swift */ = {isa = PBXFileReference; lastKnownFileType = sourcecode.swift; name = TodoRowView.swift; path = "Todo CRUD/TodoRowView.swift"; sourceTree = SOURCE_ROOT; };
		D3EAEAB12A7CD12E00BC200B /* TodoDetailView.swift */ = {isa = PBXFileReference; lastKnownFileType = sourcecode.swift; path = TodoDetailView.swift; sourceTree = "<group>"; };
		D3EAEAB32A7CE4E800BC200B /* NewTodoView.swift */ = {isa = PBXFileReference; lastKnownFileType = sourcecode.swift; path = NewTodoView.swift; sourceTree = "<group>"; };
/* End PBXFileReference section */

/* Begin PBXFrameworksBuildPhase section */
		D31952882A778C60002E55CB /* Frameworks */ = {
			isa = PBXFrameworksBuildPhase;
			buildActionMask = 2147483647;
			files = (
			);
			runOnlyForDeploymentPostprocessing = 0;
		};
/* End PBXFrameworksBuildPhase section */

/* Begin PBXGroup section */
		D31952822A778C60002E55CB = {
			isa = PBXGroup;
			children = (
				D319528D2A778C60002E55CB /* Todo CRUD */,
				D319528C2A778C60002E55CB /* Products */,
			);
			sourceTree = "<group>";
		};
		D319528C2A778C60002E55CB /* Products */ = {
			isa = PBXGroup;
			children = (
				D319528B2A778C60002E55CB /* Todo CRUD.app */,
			);
			name = Products;
			sourceTree = "<group>";
		};
		D319528D2A778C60002E55CB /* Todo CRUD */ = {
			isa = PBXGroup;
			children = (
				D39521802A8218C6003D0C1F /* Views */,
				D31952902A778C60002E55CB /* ContentView.swift */,
				D3EAEAB32A7CE4E800BC200B /* NewTodoView.swift */,
				D3EAEAB12A7CD12E00BC200B /* TodoDetailView.swift */,
				D395217F2A8218B0003D0C1F /* Model & ViewModel */,
				D31952922A778C61002E55CB /* Assets.xcassets */,
				D31952942A778C61002E55CB /* Preview Content */,
			);
			path = "Todo CRUD";
			sourceTree = "<group>";
		};
		D31952942A778C61002E55CB /* Preview Content */ = {
			isa = PBXGroup;
			children = (
				D31952952A778C61002E55CB /* Preview Assets.xcassets */,
			);
			path = "Preview Content";
			sourceTree = "<group>";
		};
		D395217F2A8218B0003D0C1F /* Model & ViewModel */ = {
			isa = PBXGroup;
			children = (
				D395217D2A821852003D0C1F /* Todo.swift */,
				D319528E2A778C60002E55CB /* Todo_CRUDApp.swift */,
			);
			path = "Model & ViewModel";
			sourceTree = "<group>";
		};
		D39521802A8218C6003D0C1F /* Views */ = {
			isa = PBXGroup;
			children = (
				D39521812A821A5D003D0C1F /* TodoRowView.swift */,
			);
			path = Views;
			sourceTree = "<group>";
		};
/* End PBXGroup section */

/* Begin PBXNativeTarget section */
		D319528A2A778C60002E55CB /* Todo CRUD */ = {
			isa = PBXNativeTarget;
			buildConfigurationList = D31952992A778C61002E55CB /* Build configuration list for PBXNativeTarget "Todo CRUD" */;
			buildPhases = (
				D31952872A778C60002E55CB /* Sources */,
				D31952882A778C60002E55CB /* Frameworks */,
				D31952892A778C60002E55CB /* Resources */,
			);
			buildRules = (
			);
			dependencies = (
			);
			name = "Todo CRUD";
			productName = "Todo CRUD";
			productReference = D319528B2A778C60002E55CB /* Todo CRUD.app */;
			productType = "com.apple.product-type.application";
		};
/* End PBXNativeTarget section */

/* Begin PBXProject section */
		D31952832A778C60002E55CB /* Project object */ = {
			isa = PBXProject;
			attributes = {
				BuildIndependentTargetsInParallel = 1;
				LastSwiftUpdateCheck = 1430;
				LastUpgradeCheck = 1430;
				TargetAttributes = {
					D319528A2A778C60002E55CB = {
						CreatedOnToolsVersion = 14.3;
					};
				};
			};
			buildConfigurationList = D31952862A778C60002E55CB /* Build configuration list for PBXProject "Todo CRUD" */;
			compatibilityVersion = "Xcode 14.0";
			developmentRegion = en;
			hasScannedForEncodings = 0;
			knownRegions = (
				en,
				Base,
			);
			mainGroup = D31952822A778C60002E55CB;
			productRefGroup = D319528C2A778C60002E55CB /* Products */;
			projectDirPath = "";
			projectRoot = "";
			targets = (
				D319528A2A778C60002E55CB /* Todo CRUD */,
			);
		};
/* End PBXProject section */

/* Begin PBXResourcesBuildPhase section */
		D31952892A778C60002E55CB /* Resources */ = {
			isa = PBXResourcesBuildPhase;
			buildActionMask = 2147483647;
			files = (
				D31952962A778C61002E55CB /* Preview Assets.xcassets in Resources */,
				D31952932A778C61002E55CB /* Assets.xcassets in Resources */,
			);
			runOnlyForDeploymentPostprocessing = 0;
		};
/* End PBXResourcesBuildPhase section */

/* Begin PBXSourcesBuildPhase section */
		D31952872A778C60002E55CB /* Sources */ = {
			isa = PBXSourcesBuildPhase;
			buildActionMask = 2147483647;
			files = (
				D31952912A778C60002E55CB /* ContentView.swift in Sources */,
				D39521822A821A5D003D0C1F /* TodoRowView.swift in Sources */,
				D319528F2A778C60002E55CB /* Todo_CRUDApp.swift in Sources */,
				D3EAEAB42A7CE4E800BC200B /* NewTodoView.swift in Sources */,
				D3EAEAB22A7CD12E00BC200B /* TodoDetailView.swift in Sources */,
				D395217E2A821852003D0C1F /* Todo.swift in Sources */,
			);
			runOnlyForDeploymentPostprocessing = 0;
		};
/* End PBXSourcesBuildPhase section */

/* Begin XCBuildConfiguration section */
		D31952972A778C61002E55CB /* Debug */ = {
			isa = XCBuildConfiguration;
			buildSettings = {
				ALWAYS_SEARCH_USER_PATHS = NO;
				CLANG_ANALYZER_NONNULL = YES;
				CLANG_ANALYZER_NUMBER_OBJECT_CONVERSION = YES_AGGRESSIVE;
				CLANG_CXX_LANGUAGE_STANDARD = "gnu++20";
				CLANG_ENABLE_MODULES = YES;
				CLANG_ENABLE_OBJC_ARC = YES;
				CLANG_ENABLE_OBJC_WEAK = YES;
				CLANG_WARN_BLOCK_CAPTURE_AUTORELEASING = YES;
				CLANG_WARN_BOOL_CONVERSION = YES;
				CLANG_WARN_COMMA = YES;
				CLANG_WARN_CONSTANT_CONVERSION = YES;
				CLANG_WARN_DEPRECATED_OBJC_IMPLEMENTATIONS = YES;
				CLANG_WARN_DIRECT_OBJC_ISA_USAGE = YES_ERROR;
				CLANG_WARN_DOCUMENTATION_COMMENTS = YES;
				CLANG_WARN_EMPTY_BODY = YES;
				CLANG_WARN_ENUM_CONVERSION = YES;
				CLANG_WARN_INFINITE_RECURSION = YES;
				CLANG_WARN_INT_CONVERSION = YES;
				CLANG_WARN_NON_LITERAL_NULL_CONVERSION = YES;
				CLANG_WARN_OBJC_IMPLICIT_RETAIN_SELF = YES;
				CLANG_WARN_OBJC_LITERAL_CONVERSION = YES;
				CLANG_WARN_OBJC_ROOT_CLASS = YES_ERROR;
				CLANG_WARN_QUOTED_INCLUDE_IN_FRAMEWORK_HEADER = YES;
				CLANG_WARN_RANGE_LOOP_ANALYSIS = YES;
				CLANG_WARN_STRICT_PROTOTYPES = YES;
				CLANG_WARN_SUSPICIOUS_MOVE = YES;
				CLANG_WARN_UNGUARDED_AVAILABILITY = YES_AGGRESSIVE;
				CLANG_WARN_UNREACHABLE_CODE = YES;
				CLANG_WARN__DUPLICATE_METHOD_MATCH = YES;
				COPY_PHASE_STRIP = NO;
				DEBUG_INFORMATION_FORMAT = dwarf;
				ENABLE_STRICT_OBJC_MSGSEND = YES;
				ENABLE_TESTABILITY = YES;
				GCC_C_LANGUAGE_STANDARD = gnu11;
				GCC_DYNAMIC_NO_PIC = NO;
				GCC_NO_COMMON_BLOCKS = YES;
				GCC_OPTIMIZATION_LEVEL = 0;
				GCC_PREPROCESSOR_DEFINITIONS = (
					"DEBUG=1",
					"$(inherited)",
				);
				GCC_WARN_64_TO_32_BIT_CONVERSION = YES;
				GCC_WARN_ABOUT_RETURN_TYPE = YES_ERROR;
				GCC_WARN_UNDECLARED_SELECTOR = YES;
				GCC_WARN_UNINITIALIZED_AUTOS = YES_AGGRESSIVE;
				GCC_WARN_UNUSED_FUNCTION = YES;
				GCC_WARN_UNUSED_VARIABLE = YES;
				IPHONEOS_DEPLOYMENT_TARGET = 16.4;
				MTL_ENABLE_DEBUG_INFO = INCLUDE_SOURCE;
				MTL_FAST_MATH = YES;
				ONLY_ACTIVE_ARCH = YES;
				SDKROOT = iphoneos;
				SWIFT_ACTIVE_COMPILATION_CONDITIONS = DEBUG;
				SWIFT_OPTIMIZATION_LEVEL = "-Onone";
			};
			name = Debug;
		};
		D31952982A778C61002E55CB /* Release */ = {
			isa = XCBuildConfiguration;
			buildSettings = {
				ALWAYS_SEARCH_USER_PATHS = NO;
				CLANG_ANALYZER_NONNULL = YES;
				CLANG_ANALYZER_NUMBER_OBJECT_CONVERSION = YES_AGGRESSIVE;
				CLANG_CXX_LANGUAGE_STANDARD = "gnu++20";
				CLANG_ENABLE_MODULES = YES;
				CLANG_ENABLE_OBJC_ARC = YES;
				CLANG_ENABLE_OBJC_WEAK = YES;
				CLANG_WARN_BLOCK_CAPTURE_AUTORELEASING = YES;
				CLANG_WARN_BOOL_CONVERSION = YES;
				CLANG_WARN_COMMA = YES;
				CLANG_WARN_CONSTANT_CONVERSION = YES;
				CLANG_WARN_DEPRECATED_OBJC_IMPLEMENTATIONS = YES;
				CLANG_WARN_DIRECT_OBJC_ISA_USAGE = YES_ERROR;
				CLANG_WARN_DOCUMENTATION_COMMENTS = YES;
				CLANG_WARN_EMPTY_BODY = YES;
				CLANG_WARN_ENUM_CONVERSION = YES;
				CLANG_WARN_INFINITE_RECURSION = YES;
				CLANG_WARN_INT_CONVERSION = YES;
				CLANG_WARN_NON_LITERAL_NULL_CONVERSION = YES;
				CLANG_WARN_OBJC_IMPLICIT_RETAIN_SELF = YES;
				CLANG_WARN_OBJC_LITERAL_CONVERSION = YES;
				CLANG_WARN_OBJC_ROOT_CLASS = YES_ERROR;
				CLANG_WARN_QUOTED_INCLUDE_IN_FRAMEWORK_HEADER = YES;
				CLANG_WARN_RANGE_LOOP_ANALYSIS = YES;
				CLANG_WARN_STRICT_PROTOTYPES = YES;
				CLANG_WARN_SUSPICIOUS_MOVE = YES;
				CLANG_WARN_UNGUARDED_AVAILABILITY = YES_AGGRESSIVE;
				CLANG_WARN_UNREACHABLE_CODE = YES;
				CLANG_WARN__DUPLICATE_METHOD_MATCH = YES;
				COPY_PHASE_STRIP = NO;
				DEBUG_INFORMATION_FORMAT = "dwarf-with-dsym";
				ENABLE_NS_ASSERTIONS = NO;
				ENABLE_STRICT_OBJC_MSGSEND = YES;
				GCC_C_LANGUAGE_STANDARD = gnu11;
				GCC_NO_COMMON_BLOCKS = YES;
				GCC_WARN_64_TO_32_BIT_CONVERSION = YES;
				GCC_WARN_ABOUT_RETURN_TYPE = YES_ERROR;
				GCC_WARN_UNDECLARED_SELECTOR = YES;
				GCC_WARN_UNINITIALIZED_AUTOS = YES_AGGRESSIVE;
				GCC_WARN_UNUSED_FUNCTION = YES;
				GCC_WARN_UNUSED_VARIABLE = YES;
				IPHONEOS_DEPLOYMENT_TARGET = 16.4;
				MTL_ENABLE_DEBUG_INFO = NO;
				MTL_FAST_MATH = YES;
				SDKROOT = iphoneos;
				SWIFT_COMPILATION_MODE = wholemodule;
				SWIFT_OPTIMIZATION_LEVEL = "-O";
				VALIDATE_PRODUCT = YES;
			};
			name = Release;
		};
		D319529A2A778C61002E55CB /* Debug */ = {
			isa = XCBuildConfiguration;
			buildSettings = {
				ASSETCATALOG_COMPILER_APPICON_NAME = AppIcon;
				ASSETCATALOG_COMPILER_GLOBAL_ACCENT_COLOR_NAME = AccentColor;
				CODE_SIGN_STYLE = Automatic;
				CURRENT_PROJECT_VERSION = 1;
				DEVELOPMENT_ASSET_PATHS = "\"Todo CRUD/Preview Content\"";
				DEVELOPMENT_TEAM = 4FH6SZWG67;
				ENABLE_PREVIEWS = YES;
				GENERATE_INFOPLIST_FILE = YES;
				INFOPLIST_KEY_UIApplicationSceneManifest_Generation = YES;
				INFOPLIST_KEY_UIApplicationSupportsIndirectInputEvents = YES;
				INFOPLIST_KEY_UILaunchScreen_Generation = YES;
				INFOPLIST_KEY_UISupportedInterfaceOrientations_iPad = "UIInterfaceOrientationPortrait UIInterfaceOrientationPortraitUpsideDown UIInterfaceOrientationLandscapeLeft UIInterfaceOrientationLandscapeRight";
				INFOPLIST_KEY_UISupportedInterfaceOrientations_iPhone = "UIInterfaceOrientationPortrait UIInterfaceOrientationLandscapeLeft UIInterfaceOrientationLandscapeRight";
				LD_RUNPATH_SEARCH_PATHS = (
					"$(inherited)",
					"@executable_path/Frameworks",
				);
				MARKETING_VERSION = 1.0;
				PRODUCT_BUNDLE_IDENTIFIER = "com.AD.Todo-CRUD";
				PRODUCT_NAME = "$(TARGET_NAME)";
				SWIFT_EMIT_LOC_STRINGS = YES;
				SWIFT_VERSION = 5.0;
				TARGETED_DEVICE_FAMILY = "1,2";
			};
			name = Debug;
		};
		D319529B2A778C61002E55CB /* Release */ = {
			isa = XCBuildConfiguration;
			buildSettings = {
				ASSETCATALOG_COMPILER_APPICON_NAME = AppIcon;
				ASSETCATALOG_COMPILER_GLOBAL_ACCENT_COLOR_NAME = AccentColor;
				CODE_SIGN_STYLE = Automatic;
				CURRENT_PROJECT_VERSION = 1;
				DEVELOPMENT_ASSET_PATHS = "\"Todo CRUD/Preview Content\"";
				DEVELOPMENT_TEAM = 4FH6SZWG67;
				ENABLE_PREVIEWS = YES;
				GENERATE_INFOPLIST_FILE = YES;
				INFOPLIST_KEY_UIApplicationSceneManifest_Generation = YES;
				INFOPLIST_KEY_UIApplicationSupportsIndirectInputEvents = YES;
				INFOPLIST_KEY_UILaunchScreen_Generation = YES;
				INFOPLIST_KEY_UISupportedInterfaceOrientations_iPad = "UIInterfaceOrientationPortrait UIInterfaceOrientationPortraitUpsideDown UIInterfaceOrientationLandscapeLeft UIInterfaceOrientationLandscapeRight";
				INFOPLIST_KEY_UISupportedInterfaceOrientations_iPhone = "UIInterfaceOrientationPortrait UIInterfaceOrientationLandscapeLeft UIInterfaceOrientationLandscapeRight";
				LD_RUNPATH_SEARCH_PATHS = (
					"$(inherited)",
					"@executable_path/Frameworks",
				);
				MARKETING_VERSION = 1.0;
				PRODUCT_BUNDLE_IDENTIFIER = "com.AD.Todo-CRUD";
				PRODUCT_NAME = "$(TARGET_NAME)";
				SWIFT_EMIT_LOC_STRINGS = YES;
				SWIFT_VERSION = 5.0;
				TARGETED_DEVICE_FAMILY = "1,2";
			};
			name = Release;
		};
/* End XCBuildConfiguration section */

/* Begin XCConfigurationList section */
		D31952862A778C60002E55CB /* Build configuration list for PBXProject "Todo CRUD" */ = {
			isa = XCConfigurationList;
			buildConfigurations = (
				D31952972A778C61002E55CB /* Debug */,
				D31952982A778C61002E55CB /* Release */,
			);
			defaultConfigurationIsVisible = 0;
			defaultConfigurationName = Release;
		};
		D31952992A778C61002E55CB /* Build configuration list for PBXNativeTarget "Todo CRUD" */ = {
			isa = XCConfigurationList;
			buildConfigurations = (
				D319529A2A778C61002E55CB /* Debug */,
				D319529B2A778C61002E55CB /* Release */,
			);
			defaultConfigurationIsVisible = 0;
			defaultConfigurationName = Release;
		};
/* End XCConfigurationList section */
	};
	rootObject = D31952832A778C60002E55CB /* Project object */;
}
